// !$*UTF8*$!
{
	archiveVersion = 1;
	classes = {
	};
	objectVersion = 50;
	objects = {

/* Begin PBXBuildFile section */
		4D5F1F3022A0DAFF00AC7732 /* AppDelegate.swift in Sources */ = {isa = PBXBuildFile; fileRef = 4D5F1F2F22A0DAFF00AC7732 /* AppDelegate.swift */; };
		4D5F1F3222A0DAFF00AC7732 /* ViewController.swift in Sources */ = {isa = PBXBuildFile; fileRef = 4D5F1F3122A0DAFF00AC7732 /* ViewController.swift */; };
		4D5F1F3522A0DAFF00AC7732 /* Main.storyboard in Resources */ = {isa = PBXBuildFile; fileRef = 4D5F1F3322A0DAFF00AC7732 /* Main.storyboard */; };
		4D5F1F3822A0DAFF00AC7732 /* Flicker.xcdatamodeld in Sources */ = {isa = PBXBuildFile; fileRef = 4D5F1F3622A0DAFF00AC7732 /* Flicker.xcdatamodeld */; };
		4D5F1F3A22A0DB0100AC7732 /* Assets.xcassets in Resources */ = {isa = PBXBuildFile; fileRef = 4D5F1F3922A0DB0100AC7732 /* Assets.xcassets */; };
		4D5F1F3D22A0DB0100AC7732 /* LaunchScreen.storyboard in Resources */ = {isa = PBXBuildFile; fileRef = 4D5F1F3B22A0DB0100AC7732 /* LaunchScreen.storyboard */; };
		4D5F1F4822A0DB0100AC7732 /* FlickerTests.swift in Sources */ = {isa = PBXBuildFile; fileRef = 4D5F1F4722A0DB0100AC7732 /* FlickerTests.swift */; };
		4D5F1F5322A0DB0100AC7732 /* FlickerUITests.swift in Sources */ = {isa = PBXBuildFile; fileRef = 4D5F1F5222A0DB0100AC7732 /* FlickerUITests.swift */; };
		4D5F1F7022A0DB7800AC7732 /* Nunito-ExtraBoldItalic.ttf in Resources */ = {isa = PBXBuildFile; fileRef = 4D5F1F6122A0DB7800AC7732 /* Nunito-ExtraBoldItalic.ttf */; };
		4D5F1F7122A0DB7800AC7732 /* Nunito-ExtraBold.ttf in Resources */ = {isa = PBXBuildFile; fileRef = 4D5F1F6222A0DB7800AC7732 /* Nunito-ExtraBold.ttf */; };
		4D5F1F7222A0DB7800AC7732 /* Nunito-ExtraLightItalic.ttf in Resources */ = {isa = PBXBuildFile; fileRef = 4D5F1F6322A0DB7800AC7732 /* Nunito-ExtraLightItalic.ttf */; };
		4D5F1F7322A0DB7800AC7732 /* Nunito-Light.ttf in Resources */ = {isa = PBXBuildFile; fileRef = 4D5F1F6422A0DB7800AC7732 /* Nunito-Light.ttf */; };
		4D5F1F7422A0DB7800AC7732 /* Nunito-Regular.ttf in Resources */ = {isa = PBXBuildFile; fileRef = 4D5F1F6522A0DB7800AC7732 /* Nunito-Regular.ttf */; };
		4D5F1F7522A0DB7800AC7732 /* Nunito-SemiBold.ttf in Resources */ = {isa = PBXBuildFile; fileRef = 4D5F1F6622A0DB7800AC7732 /* Nunito-SemiBold.ttf */; };
		4D5F1F7622A0DB7800AC7732 /* Nunito-Bold.ttf in Resources */ = {isa = PBXBuildFile; fileRef = 4D5F1F6722A0DB7800AC7732 /* Nunito-Bold.ttf */; };
		4D5F1F7722A0DB7800AC7732 /* Nunito-BoldItalic.ttf in Resources */ = {isa = PBXBuildFile; fileRef = 4D5F1F6822A0DB7800AC7732 /* Nunito-BoldItalic.ttf */; };
		4D5F1F7822A0DB7800AC7732 /* Nunito-Black.ttf in Resources */ = {isa = PBXBuildFile; fileRef = 4D5F1F6922A0DB7800AC7732 /* Nunito-Black.ttf */; };
		4D5F1F7922A0DB7800AC7732 /* Nunito-ExtraLight.ttf in Resources */ = {isa = PBXBuildFile; fileRef = 4D5F1F6A22A0DB7800AC7732 /* Nunito-ExtraLight.ttf */; };
		4D5F1F7A22A0DB7800AC7732 /* Nunito-SemiBoldItalic.ttf in Resources */ = {isa = PBXBuildFile; fileRef = 4D5F1F6B22A0DB7800AC7732 /* Nunito-SemiBoldItalic.ttf */; };
		4D5F1F7B22A0DB7800AC7732 /* Nunito-BlackItalic.ttf in Resources */ = {isa = PBXBuildFile; fileRef = 4D5F1F6C22A0DB7800AC7732 /* Nunito-BlackItalic.ttf */; };
		4D5F1F7C22A0DB7800AC7732 /* OFL.txt in Resources */ = {isa = PBXBuildFile; fileRef = 4D5F1F6D22A0DB7800AC7732 /* OFL.txt */; };
		4D5F1F7D22A0DB7800AC7732 /* Nunito-Italic.ttf in Resources */ = {isa = PBXBuildFile; fileRef = 4D5F1F6E22A0DB7800AC7732 /* Nunito-Italic.ttf */; };
		4D5F1F7E22A0DB7800AC7732 /* Nunito-LightItalic.ttf in Resources */ = {isa = PBXBuildFile; fileRef = 4D5F1F6F22A0DB7800AC7732 /* Nunito-LightItalic.ttf */; };
/* End PBXBuildFile section */

/* Begin PBXContainerItemProxy section */
		4D5F1F4422A0DB0100AC7732 /* PBXContainerItemProxy */ = {
			isa = PBXContainerItemProxy;
			containerPortal = 4D5F1F2422A0DAFF00AC7732 /* Project object */;
			proxyType = 1;
			remoteGlobalIDString = 4D5F1F2B22A0DAFF00AC7732;
			remoteInfo = Flicker;
		};
		4D5F1F4F22A0DB0100AC7732 /* PBXContainerItemProxy */ = {
			isa = PBXContainerItemProxy;
			containerPortal = 4D5F1F2422A0DAFF00AC7732 /* Project object */;
			proxyType = 1;
			remoteGlobalIDString = 4D5F1F2B22A0DAFF00AC7732;
			remoteInfo = Flicker;
		};
/* End PBXContainerItemProxy section */

/* Begin PBXFileReference section */
		4D5F1F2C22A0DAFF00AC7732 /* Flicker.app */ = {isa = PBXFileReference; explicitFileType = wrapper.application; includeInIndex = 0; path = Flicker.app; sourceTree = BUILT_PRODUCTS_DIR; };
		4D5F1F2F22A0DAFF00AC7732 /* AppDelegate.swift */ = {isa = PBXFileReference; lastKnownFileType = sourcecode.swift; path = AppDelegate.swift; sourceTree = "<group>"; };
		4D5F1F3122A0DAFF00AC7732 /* ViewController.swift */ = {isa = PBXFileReference; lastKnownFileType = sourcecode.swift; path = ViewController.swift; sourceTree = "<group>"; };
		4D5F1F3422A0DAFF00AC7732 /* Base */ = {isa = PBXFileReference; lastKnownFileType = file.storyboard; name = Base; path = Base.lproj/Main.storyboard; sourceTree = "<group>"; };
		4D5F1F3722A0DAFF00AC7732 /* Flicker.xcdatamodel */ = {isa = PBXFileReference; lastKnownFileType = wrapper.xcdatamodel; path = Flicker.xcdatamodel; sourceTree = "<group>"; };
		4D5F1F3922A0DB0100AC7732 /* Assets.xcassets */ = {isa = PBXFileReference; lastKnownFileType = folder.assetcatalog; path = Assets.xcassets; sourceTree = "<group>"; };
		4D5F1F3C22A0DB0100AC7732 /* Base */ = {isa = PBXFileReference; lastKnownFileType = file.storyboard; name = Base; path = Base.lproj/LaunchScreen.storyboard; sourceTree = "<group>"; };
		4D5F1F3E22A0DB0100AC7732 /* Info.plist */ = {isa = PBXFileReference; lastKnownFileType = text.plist.xml; path = Info.plist; sourceTree = "<group>"; };
		4D5F1F4322A0DB0100AC7732 /* FlickerTests.xctest */ = {isa = PBXFileReference; explicitFileType = wrapper.cfbundle; includeInIndex = 0; path = FlickerTests.xctest; sourceTree = BUILT_PRODUCTS_DIR; };
		4D5F1F4722A0DB0100AC7732 /* FlickerTests.swift */ = {isa = PBXFileReference; lastKnownFileType = sourcecode.swift; path = FlickerTests.swift; sourceTree = "<group>"; };
		4D5F1F4922A0DB0100AC7732 /* Info.plist */ = {isa = PBXFileReference; lastKnownFileType = text.plist.xml; path = Info.plist; sourceTree = "<group>"; };
		4D5F1F4E22A0DB0100AC7732 /* FlickerUITests.xctest */ = {isa = PBXFileReference; explicitFileType = wrapper.cfbundle; includeInIndex = 0; path = FlickerUITests.xctest; sourceTree = BUILT_PRODUCTS_DIR; };
		4D5F1F5222A0DB0100AC7732 /* FlickerUITests.swift */ = {isa = PBXFileReference; lastKnownFileType = sourcecode.swift; path = FlickerUITests.swift; sourceTree = "<group>"; };
		4D5F1F5422A0DB0100AC7732 /* Info.plist */ = {isa = PBXFileReference; lastKnownFileType = text.plist.xml; path = Info.plist; sourceTree = "<group>"; };
		4D5F1F6122A0DB7800AC7732 /* Nunito-ExtraBoldItalic.ttf */ = {isa = PBXFileReference; lastKnownFileType = file; path = "Nunito-ExtraBoldItalic.ttf"; sourceTree = "<group>"; };
		4D5F1F6222A0DB7800AC7732 /* Nunito-ExtraBold.ttf */ = {isa = PBXFileReference; lastKnownFileType = file; path = "Nunito-ExtraBold.ttf"; sourceTree = "<group>"; };
		4D5F1F6322A0DB7800AC7732 /* Nunito-ExtraLightItalic.ttf */ = {isa = PBXFileReference; lastKnownFileType = file; path = "Nunito-ExtraLightItalic.ttf"; sourceTree = "<group>"; };
		4D5F1F6422A0DB7800AC7732 /* Nunito-Light.ttf */ = {isa = PBXFileReference; lastKnownFileType = file; path = "Nunito-Light.ttf"; sourceTree = "<group>"; };
		4D5F1F6522A0DB7800AC7732 /* Nunito-Regular.ttf */ = {isa = PBXFileReference; lastKnownFileType = file; path = "Nunito-Regular.ttf"; sourceTree = "<group>"; };
		4D5F1F6622A0DB7800AC7732 /* Nunito-SemiBold.ttf */ = {isa = PBXFileReference; lastKnownFileType = file; path = "Nunito-SemiBold.ttf"; sourceTree = "<group>"; };
		4D5F1F6722A0DB7800AC7732 /* Nunito-Bold.ttf */ = {isa = PBXFileReference; lastKnownFileType = file; path = "Nunito-Bold.ttf"; sourceTree = "<group>"; };
		4D5F1F6822A0DB7800AC7732 /* Nunito-BoldItalic.ttf */ = {isa = PBXFileReference; lastKnownFileType = file; path = "Nunito-BoldItalic.ttf"; sourceTree = "<group>"; };
		4D5F1F6922A0DB7800AC7732 /* Nunito-Black.ttf */ = {isa = PBXFileReference; lastKnownFileType = file; path = "Nunito-Black.ttf"; sourceTree = "<group>"; };
		4D5F1F6A22A0DB7800AC7732 /* Nunito-ExtraLight.ttf */ = {isa = PBXFileReference; lastKnownFileType = file; path = "Nunito-ExtraLight.ttf"; sourceTree = "<group>"; };
		4D5F1F6B22A0DB7800AC7732 /* Nunito-SemiBoldItalic.ttf */ = {isa = PBXFileReference; lastKnownFileType = file; path = "Nunito-SemiBoldItalic.ttf"; sourceTree = "<group>"; };
		4D5F1F6C22A0DB7800AC7732 /* Nunito-BlackItalic.ttf */ = {isa = PBXFileReference; lastKnownFileType = file; path = "Nunito-BlackItalic.ttf"; sourceTree = "<group>"; };
		4D5F1F6D22A0DB7800AC7732 /* OFL.txt */ = {isa = PBXFileReference; fileEncoding = 4; lastKnownFileType = text; path = OFL.txt; sourceTree = "<group>"; };
		4D5F1F6E22A0DB7800AC7732 /* Nunito-Italic.ttf */ = {isa = PBXFileReference; lastKnownFileType = file; path = "Nunito-Italic.ttf"; sourceTree = "<group>"; };
		4D5F1F6F22A0DB7800AC7732 /* Nunito-LightItalic.ttf */ = {isa = PBXFileReference; lastKnownFileType = file; path = "Nunito-LightItalic.ttf"; sourceTree = "<group>"; };
/* End PBXFileReference section */

/* Begin PBXFrameworksBuildPhase section */
		4D5F1F2922A0DAFF00AC7732 /* Frameworks */ = {
			isa = PBXFrameworksBuildPhase;
			buildActionMask = 2147483647;
			files = (
			);
			runOnlyForDeploymentPostprocessing = 0;
		};
		4D5F1F4022A0DB0100AC7732 /* Frameworks */ = {
			isa = PBXFrameworksBuildPhase;
			buildActionMask = 2147483647;
			files = (
			);
			runOnlyForDeploymentPostprocessing = 0;
		};
		4D5F1F4B22A0DB0100AC7732 /* Frameworks */ = {
			isa = PBXFrameworksBuildPhase;
			buildActionMask = 2147483647;
			files = (
			);
			runOnlyForDeploymentPostprocessing = 0;
		};
/* End PBXFrameworksBuildPhase section */

/* Begin PBXGroup section */
		4D5F1F2322A0DAFF00AC7732 = {
			isa = PBXGroup;
			children = (
				4D5F1F2E22A0DAFF00AC7732 /* Flicker */,
				4D5F1F4622A0DB0100AC7732 /* FlickerTests */,
				4D5F1F5122A0DB0100AC7732 /* FlickerUITests */,
				4D5F1F2D22A0DAFF00AC7732 /* Products */,
			);
			sourceTree = "<group>";
		};
		4D5F1F2D22A0DAFF00AC7732 /* Products */ = {
			isa = PBXGroup;
			children = (
				4D5F1F2C22A0DAFF00AC7732 /* Flicker.app */,
				4D5F1F4322A0DB0100AC7732 /* FlickerTests.xctest */,
				4D5F1F4E22A0DB0100AC7732 /* FlickerUITests.xctest */,
			);
			name = Products;
			sourceTree = "<group>";
		};
		4D5F1F2E22A0DAFF00AC7732 /* Flicker */ = {
			isa = PBXGroup;
			children = (
				4D5F1F2F22A0DAFF00AC7732 /* AppDelegate.swift */,
				4D5F1F3122A0DAFF00AC7732 /* ViewController.swift */,
				4D5F1F3322A0DAFF00AC7732 /* Main.storyboard */,
				4D5F1F3922A0DB0100AC7732 /* Assets.xcassets */,
				4D5F1F3B22A0DB0100AC7732 /* LaunchScreen.storyboard */,
				4D5F1F3E22A0DB0100AC7732 /* Info.plist */,
				4D5F1F3622A0DAFF00AC7732 /* Flicker.xcdatamodeld */,
				4D5F1F6022A0DB7800AC7732 /* Nunito */,
			);
			path = Flicker;
			sourceTree = "<group>";
		};
		4D5F1F4622A0DB0100AC7732 /* FlickerTests */ = {
			isa = PBXGroup;
			children = (
				4D5F1F4722A0DB0100AC7732 /* FlickerTests.swift */,
				4D5F1F4922A0DB0100AC7732 /* Info.plist */,
			);
			path = FlickerTests;
			sourceTree = "<group>";
		};
		4D5F1F5122A0DB0100AC7732 /* FlickerUITests */ = {
			isa = PBXGroup;
			children = (
				4D5F1F5222A0DB0100AC7732 /* FlickerUITests.swift */,
				4D5F1F5422A0DB0100AC7732 /* Info.plist */,
			);
			path = FlickerUITests;
			sourceTree = "<group>";
		};
		4D5F1F6022A0DB7800AC7732 /* Nunito */ = {
			isa = PBXGroup;
			children = (
				4D5F1F6122A0DB7800AC7732 /* Nunito-ExtraBoldItalic.ttf */,
				4D5F1F6222A0DB7800AC7732 /* Nunito-ExtraBold.ttf */,
				4D5F1F6322A0DB7800AC7732 /* Nunito-ExtraLightItalic.ttf */,
				4D5F1F6422A0DB7800AC7732 /* Nunito-Light.ttf */,
				4D5F1F6522A0DB7800AC7732 /* Nunito-Regular.ttf */,
				4D5F1F6622A0DB7800AC7732 /* Nunito-SemiBold.ttf */,
				4D5F1F6722A0DB7800AC7732 /* Nunito-Bold.ttf */,
				4D5F1F6822A0DB7800AC7732 /* Nunito-BoldItalic.ttf */,
				4D5F1F6922A0DB7800AC7732 /* Nunito-Black.ttf */,
				4D5F1F6A22A0DB7800AC7732 /* Nunito-ExtraLight.ttf */,
				4D5F1F6B22A0DB7800AC7732 /* Nunito-SemiBoldItalic.ttf */,
				4D5F1F6C22A0DB7800AC7732 /* Nunito-BlackItalic.ttf */,
				4D5F1F6D22A0DB7800AC7732 /* OFL.txt */,
				4D5F1F6E22A0DB7800AC7732 /* Nunito-Italic.ttf */,
				4D5F1F6F22A0DB7800AC7732 /* Nunito-LightItalic.ttf */,
			);
			path = Nunito;
			sourceTree = "<group>";
		};
/* End PBXGroup section */

/* Begin PBXNativeTarget section */
		4D5F1F2B22A0DAFF00AC7732 /* Flicker */ = {
			isa = PBXNativeTarget;
			buildConfigurationList = 4D5F1F5722A0DB0100AC7732 /* Build configuration list for PBXNativeTarget "Flicker" */;
			buildPhases = (
				4D5F1F2822A0DAFF00AC7732 /* Sources */,
				4D5F1F2922A0DAFF00AC7732 /* Frameworks */,
				4D5F1F2A22A0DAFF00AC7732 /* Resources */,
			);
			buildRules = (
			);
			dependencies = (
			);
			name = Flicker;
			productName = Flicker;
			productReference = 4D5F1F2C22A0DAFF00AC7732 /* Flicker.app */;
			productType = "com.apple.product-type.application";
		};
		4D5F1F4222A0DB0100AC7732 /* FlickerTests */ = {
			isa = PBXNativeTarget;
			buildConfigurationList = 4D5F1F5A22A0DB0100AC7732 /* Build configuration list for PBXNativeTarget "FlickerTests" */;
			buildPhases = (
				4D5F1F3F22A0DB0100AC7732 /* Sources */,
				4D5F1F4022A0DB0100AC7732 /* Frameworks */,
				4D5F1F4122A0DB0100AC7732 /* Resources */,
			);
			buildRules = (
			);
			dependencies = (
				4D5F1F4522A0DB0100AC7732 /* PBXTargetDependency */,
			);
			name = FlickerTests;
			productName = FlickerTests;
			productReference = 4D5F1F4322A0DB0100AC7732 /* FlickerTests.xctest */;
			productType = "com.apple.product-type.bundle.unit-test";
		};
		4D5F1F4D22A0DB0100AC7732 /* FlickerUITests */ = {
			isa = PBXNativeTarget;
			buildConfigurationList = 4D5F1F5D22A0DB0100AC7732 /* Build configuration list for PBXNativeTarget "FlickerUITests" */;
			buildPhases = (
				4D5F1F4A22A0DB0100AC7732 /* Sources */,
				4D5F1F4B22A0DB0100AC7732 /* Frameworks */,
				4D5F1F4C22A0DB0100AC7732 /* Resources */,
			);
			buildRules = (
			);
			dependencies = (
				4D5F1F5022A0DB0100AC7732 /* PBXTargetDependency */,
			);
			name = FlickerUITests;
			productName = FlickerUITests;
			productReference = 4D5F1F4E22A0DB0100AC7732 /* FlickerUITests.xctest */;
			productType = "com.apple.product-type.bundle.ui-testing";
		};
/* End PBXNativeTarget section */

/* Begin PBXProject section */
		4D5F1F2422A0DAFF00AC7732 /* Project object */ = {
			isa = PBXProject;
			attributes = {
				LastSwiftUpdateCheck = 1020;
				LastUpgradeCheck = 1020;
				ORGANIZATIONNAME = "Ken Mueller";
				TargetAttributes = {
					4D5F1F2B22A0DAFF00AC7732 = {
						CreatedOnToolsVersion = 10.2.1;
					};
					4D5F1F4222A0DB0100AC7732 = {
						CreatedOnToolsVersion = 10.2.1;
						TestTargetID = 4D5F1F2B22A0DAFF00AC7732;
					};
					4D5F1F4D22A0DB0100AC7732 = {
						CreatedOnToolsVersion = 10.2.1;
						TestTargetID = 4D5F1F2B22A0DAFF00AC7732;
					};
				};
			};
			buildConfigurationList = 4D5F1F2722A0DAFF00AC7732 /* Build configuration list for PBXProject "Flicker" */;
			compatibilityVersion = "Xcode 9.3";
			developmentRegion = en;
			hasScannedForEncodings = 0;
			knownRegions = (
				en,
				Base,
			);
			mainGroup = 4D5F1F2322A0DAFF00AC7732;
			productRefGroup = 4D5F1F2D22A0DAFF00AC7732 /* Products */;
			projectDirPath = "";
			projectRoot = "";
			targets = (
				4D5F1F2B22A0DAFF00AC7732 /* Flicker */,
				4D5F1F4222A0DB0100AC7732 /* FlickerTests */,
				4D5F1F4D22A0DB0100AC7732 /* FlickerUITests */,
			);
		};
/* End PBXProject section */

/* Begin PBXResourcesBuildPhase section */
		4D5F1F2A22A0DAFF00AC7732 /* Resources */ = {
			isa = PBXResourcesBuildPhase;
			buildActionMask = 2147483647;
			files = (
				4D5F1F3D22A0DB0100AC7732 /* LaunchScreen.storyboard in Resources */,
				4D5F1F7322A0DB7800AC7732 /* Nunito-Light.ttf in Resources */,
				4D5F1F7422A0DB7800AC7732 /* Nunito-Regular.ttf in Resources */,
				4D5F1F7722A0DB7800AC7732 /* Nunito-BoldItalic.ttf in Resources */,
				4D5F1F7E22A0DB7800AC7732 /* Nunito-LightItalic.ttf in Resources */,
				4D5F1F7B22A0DB7800AC7732 /* Nunito-BlackItalic.ttf in Resources */,
				4D5F1F7522A0DB7800AC7732 /* Nunito-SemiBold.ttf in Resources */,
				4D5F1F7C22A0DB7800AC7732 /* OFL.txt in Resources */,
				4D5F1F7222A0DB7800AC7732 /* Nunito-ExtraLightItalic.ttf in Resources */,
				4D5F1F3A22A0DB0100AC7732 /* Assets.xcassets in Resources */,
				4D5F1F7622A0DB7800AC7732 /* Nunito-Bold.ttf in Resources */,
				4D5F1F7A22A0DB7800AC7732 /* Nunito-SemiBoldItalic.ttf in Resources */,
				4D5F1F7122A0DB7800AC7732 /* Nunito-ExtraBold.ttf in Resources */,
				4D5F1F3522A0DAFF00AC7732 /* Main.storyboard in Resources */,
				4D5F1F7022A0DB7800AC7732 /* Nunito-ExtraBoldItalic.ttf in Resources */,
				4D5F1F7822A0DB7800AC7732 /* Nunito-Black.ttf in Resources */,
				4D5F1F7922A0DB7800AC7732 /* Nunito-ExtraLight.ttf in Resources */,
				4D5F1F7D22A0DB7800AC7732 /* Nunito-Italic.ttf in Resources */,
			);
			runOnlyForDeploymentPostprocessing = 0;
		};
		4D5F1F4122A0DB0100AC7732 /* Resources */ = {
			isa = PBXResourcesBuildPhase;
			buildActionMask = 2147483647;
			files = (
			);
			runOnlyForDeploymentPostprocessing = 0;
		};
		4D5F1F4C22A0DB0100AC7732 /* Resources */ = {
			isa = PBXResourcesBuildPhase;
			buildActionMask = 2147483647;
			files = (
			);
			runOnlyForDeploymentPostprocessing = 0;
		};
/* End PBXResourcesBuildPhase section */

/* Begin PBXSourcesBuildPhase section */
		4D5F1F2822A0DAFF00AC7732 /* Sources */ = {
			isa = PBXSourcesBuildPhase;
			buildActionMask = 2147483647;
			files = (
				4D5F1F3822A0DAFF00AC7732 /* Flicker.xcdatamodeld in Sources */,
				4D5F1F3222A0DAFF00AC7732 /* ViewController.swift in Sources */,
				4D5F1F3022A0DAFF00AC7732 /* AppDelegate.swift in Sources */,
			);
			runOnlyForDeploymentPostprocessing = 0;
		};
		4D5F1F3F22A0DB0100AC7732 /* Sources */ = {
			isa = PBXSourcesBuildPhase;
			buildActionMask = 2147483647;
			files = (
				4D5F1F4822A0DB0100AC7732 /* FlickerTests.swift in Sources */,
			);
			runOnlyForDeploymentPostprocessing = 0;
		};
		4D5F1F4A22A0DB0100AC7732 /* Sources */ = {
			isa = PBXSourcesBuildPhase;
			buildActionMask = 2147483647;
			files = (
				4D5F1F5322A0DB0100AC7732 /* FlickerUITests.swift in Sources */,
			);
			runOnlyForDeploymentPostprocessing = 0;
		};
/* End PBXSourcesBuildPhase section */

/* Begin PBXTargetDependency section */
		4D5F1F4522A0DB0100AC7732 /* PBXTargetDependency */ = {
			isa = PBXTargetDependency;
			target = 4D5F1F2B22A0DAFF00AC7732 /* Flicker */;
			targetProxy = 4D5F1F4422A0DB0100AC7732 /* PBXContainerItemProxy */;
		};
		4D5F1F5022A0DB0100AC7732 /* PBXTargetDependency */ = {
			isa = PBXTargetDependency;
			target = 4D5F1F2B22A0DAFF00AC7732 /* Flicker */;
			targetProxy = 4D5F1F4F22A0DB0100AC7732 /* PBXContainerItemProxy */;
		};
/* End PBXTargetDependency section */

/* Begin PBXVariantGroup section */
		4D5F1F3322A0DAFF00AC7732 /* Main.storyboard */ = {
			isa = PBXVariantGroup;
			children = (
				4D5F1F3422A0DAFF00AC7732 /* Base */,
			);
			name = Main.storyboard;
			sourceTree = "<group>";
		};
		4D5F1F3B22A0DB0100AC7732 /* LaunchScreen.storyboard */ = {
			isa = PBXVariantGroup;
			children = (
				4D5F1F3C22A0DB0100AC7732 /* Base */,
			);
			name = LaunchScreen.storyboard;
			sourceTree = "<group>";
		};
/* End PBXVariantGroup section */

/* Begin XCBuildConfiguration section */
		4D5F1F5522A0DB0100AC7732 /* Debug */ = {
			isa = XCBuildConfiguration;
			buildSettings = {
				ALWAYS_SEARCH_USER_PATHS = NO;
				CLANG_ANALYZER_NONNULL = YES;
				CLANG_ANALYZER_NUMBER_OBJECT_CONVERSION = YES_AGGRESSIVE;
				CLANG_CXX_LANGUAGE_STANDARD = "gnu++14";
				CLANG_CXX_LIBRARY = "libc++";
				CLANG_ENABLE_MODULES = YES;
				CLANG_ENABLE_OBJC_ARC = YES;
				CLANG_ENABLE_OBJC_WEAK = YES;
				CLANG_WARN_BLOCK_CAPTURE_AUTORELEASING = YES;
				CLANG_WARN_BOOL_CONVERSION = YES;
				CLANG_WARN_COMMA = YES;
				CLANG_WARN_CONSTANT_CONVERSION = YES;
				CLANG_WARN_DEPRECATED_OBJC_IMPLEMENTATIONS = YES;
				CLANG_WARN_DIRECT_OBJC_ISA_USAGE = YES_ERROR;
				CLANG_WARN_DOCUMENTATION_COMMENTS = YES;
				CLANG_WARN_EMPTY_BODY = YES;
				CLANG_WARN_ENUM_CONVERSION = YES;
				CLANG_WARN_INFINITE_RECURSION = YES;
				CLANG_WARN_INT_CONVERSION = YES;
				CLANG_WARN_NON_LITERAL_NULL_CONVERSION = YES;
				CLANG_WARN_OBJC_IMPLICIT_RETAIN_SELF = YES;
				CLANG_WARN_OBJC_LITERAL_CONVERSION = YES;
				CLANG_WARN_OBJC_ROOT_CLASS = YES_ERROR;
				CLANG_WARN_RANGE_LOOP_ANALYSIS = YES;
				CLANG_WARN_STRICT_PROTOTYPES = YES;
				CLANG_WARN_SUSPICIOUS_MOVE = YES;
				CLANG_WARN_UNGUARDED_AVAILABILITY = YES_AGGRESSIVE;
				CLANG_WARN_UNREACHABLE_CODE = YES;
				CLANG_WARN__DUPLICATE_METHOD_MATCH = YES;
				CODE_SIGN_IDENTITY = "iPhone Developer";
				COPY_PHASE_STRIP = NO;
				DEBUG_INFORMATION_FORMAT = dwarf;
				ENABLE_STRICT_OBJC_MSGSEND = YES;
				ENABLE_TESTABILITY = YES;
				GCC_C_LANGUAGE_STANDARD = gnu11;
				GCC_DYNAMIC_NO_PIC = NO;
				GCC_NO_COMMON_BLOCKS = YES;
				GCC_OPTIMIZATION_LEVEL = 0;
				GCC_PREPROCESSOR_DEFINITIONS = (
					"DEBUG=1",
					"$(inherited)",
				);
				GCC_WARN_64_TO_32_BIT_CONVERSION = YES;
				GCC_WARN_ABOUT_RETURN_TYPE = YES_ERROR;
				GCC_WARN_UNDECLARED_SELECTOR = YES;
				GCC_WARN_UNINITIALIZED_AUTOS = YES_AGGRESSIVE;
				GCC_WARN_UNUSED_FUNCTION = YES;
				GCC_WARN_UNUSED_VARIABLE = YES;
				IPHONEOS_DEPLOYMENT_TARGET = 12.2;
				MTL_ENABLE_DEBUG_INFO = INCLUDE_SOURCE;
				MTL_FAST_MATH = YES;
				ONLY_ACTIVE_ARCH = YES;
				SDKROOT = iphoneos;
				SWIFT_ACTIVE_COMPILATION_CONDITIONS = DEBUG;
				SWIFT_OPTIMIZATION_LEVEL = "-Onone";
			};
			name = Debug;
		};
		4D5F1F5622A0DB0100AC7732 /* Release */ = {
			isa = XCBuildConfiguration;
			buildSettings = {
				ALWAYS_SEARCH_USER_PATHS = NO;
				CLANG_ANALYZER_NONNULL = YES;
				CLANG_ANALYZER_NUMBER_OBJECT_CONVERSION = YES_AGGRESSIVE;
				CLANG_CXX_LANGUAGE_STANDARD = "gnu++14";
				CLANG_CXX_LIBRARY = "libc++";
				CLANG_ENABLE_MODULES = YES;
				CLANG_ENABLE_OBJC_ARC = YES;
				CLANG_ENABLE_OBJC_WEAK = YES;
				CLANG_WARN_BLOCK_CAPTURE_AUTORELEASING = YES;
				CLANG_WARN_BOOL_CONVERSION = YES;
				CLANG_WARN_COMMA = YES;
				CLANG_WARN_CONSTANT_CONVERSION = YES;
				CLANG_WARN_DEPRECATED_OBJC_IMPLEMENTATIONS = YES;
				CLANG_WARN_DIRECT_OBJC_ISA_USAGE = YES_ERROR;
				CLANG_WARN_DOCUMENTATION_COMMENTS = YES;
				CLANG_WARN_EMPTY_BODY = YES;
				CLANG_WARN_ENUM_CONVERSION = YES;
				CLANG_WARN_INFINITE_RECURSION = YES;
				CLANG_WARN_INT_CONVERSION = YES;
				CLANG_WARN_NON_LITERAL_NULL_CONVERSION = YES;
				CLANG_WARN_OBJC_IMPLICIT_RETAIN_SELF = YES;
				CLANG_WARN_OBJC_LITERAL_CONVERSION = YES;
				CLANG_WARN_OBJC_ROOT_CLASS = YES_ERROR;
				CLANG_WARN_RANGE_LOOP_ANALYSIS = YES;
				CLANG_WARN_STRICT_PROTOTYPES = YES;
				CLANG_WARN_SUSPICIOUS_MOVE = YES;
				CLANG_WARN_UNGUARDED_AVAILABILITY = YES_AGGRESSIVE;
				CLANG_WARN_UNREACHABLE_CODE = YES;
				CLANG_WARN__DUPLICATE_METHOD_MATCH = YES;
				CODE_SIGN_IDENTITY = "iPhone Developer";
				COPY_PHASE_STRIP = NO;
				DEBUG_INFORMATION_FORMAT = "dwarf-with-dsym";
				ENABLE_NS_ASSERTIONS = NO;
				ENABLE_STRICT_OBJC_MSGSEND = YES;
				GCC_C_LANGUAGE_STANDARD = gnu11;
				GCC_NO_COMMON_BLOCKS = YES;
				GCC_WARN_64_TO_32_BIT_CONVERSION = YES;
				GCC_WARN_ABOUT_RETURN_TYPE = YES_ERROR;
				GCC_WARN_UNDECLARED_SELECTOR = YES;
				GCC_WARN_UNINITIALIZED_AUTOS = YES_AGGRESSIVE;
				GCC_WARN_UNUSED_FUNCTION = YES;
				GCC_WARN_UNUSED_VARIABLE = YES;
				IPHONEOS_DEPLOYMENT_TARGET = 12.2;
				MTL_ENABLE_DEBUG_INFO = NO;
				MTL_FAST_MATH = YES;
				SDKROOT = iphoneos;
				SWIFT_COMPILATION_MODE = wholemodule;
				SWIFT_OPTIMIZATION_LEVEL = "-O";
				VALIDATE_PRODUCT = YES;
			};
			name = Release;
		};
		4D5F1F5822A0DB0100AC7732 /* Debug */ = {
			isa = XCBuildConfiguration;
			buildSettings = {
				ASSETCATALOG_COMPILER_APPICON_NAME = AppIcon;
				CODE_SIGN_STYLE = Automatic;
				DEVELOPMENT_TEAM = JUP7FZ7QC3;
				INFOPLIST_FILE = Flicker/Info.plist;
				LD_RUNPATH_SEARCH_PATHS = (
					"$(inherited)",
					"@executable_path/Frameworks",
				);
				PRODUCT_BUNDLE_IDENTIFIER = ai.memorize.Flicker;
				PRODUCT_NAME = "$(TARGET_NAME)";
				SWIFT_VERSION = 5.0;
				TARGETED_DEVICE_FAMILY = "1,2";
			};
			name = Debug;
		};
		4D5F1F5922A0DB0100AC7732 /* Release */ = {
			isa = XCBuildConfiguration;
			buildSettings = {
				ASSETCATALOG_COMPILER_APPICON_NAME = AppIcon;
				CODE_SIGN_STYLE = Automatic;
				DEVELOPMENT_TEAM = JUP7FZ7QC3;
				INFOPLIST_FILE = Flicker/Info.plist;
				LD_RUNPATH_SEARCH_PATHS = (
					"$(inherited)",
					"@executable_path/Frameworks",
				);
				PRODUCT_BUNDLE_IDENTIFIER = ai.memorize.Flicker;
				PRODUCT_NAME = "$(TARGET_NAME)";
				SWIFT_VERSION = 5.0;
				TARGETED_DEVICE_FAMILY = "1,2";
			};
			name = Release;
		};
		4D5F1F5B22A0DB0100AC7732 /* Debug */ = {
			isa = XCBuildConfiguration;
			buildSettings = {
				ALWAYS_EMBED_SWIFT_STANDARD_LIBRARIES = YES;
				BUNDLE_LOADER = "$(TEST_HOST)";
				CODE_SIGN_STYLE = Automatic;
				DEVELOPMENT_TEAM = JUP7FZ7QC3;
				INFOPLIST_FILE = FlickerTests/Info.plist;
				LD_RUNPATH_SEARCH_PATHS = (
					"$(inherited)",
					"@executable_path/Frameworks",
					"@loader_path/Frameworks",
				);
				PRODUCT_BUNDLE_IDENTIFIER = ai.memorize.FlickerTests;
				PRODUCT_NAME = "$(TARGET_NAME)";
				SWIFT_VERSION = 5.0;
				TARGETED_DEVICE_FAMILY = "1,2";
				TEST_HOST = "$(BUILT_PRODUCTS_DIR)/Flicker.app/Flicker";
			};
			name = Debug;
		};
		4D5F1F5C22A0DB0100AC7732 /* Release */ = {
			isa = XCBuildConfiguration;
			buildSettings = {
				ALWAYS_EMBED_SWIFT_STANDARD_LIBRARIES = YES;
				BUNDLE_LOADER = "$(TEST_HOST)";
				CODE_SIGN_STYLE = Automatic;
				DEVELOPMENT_TEAM = JUP7FZ7QC3;
				INFOPLIST_FILE = FlickerTests/Info.plist;
				LD_RUNPATH_SEARCH_PATHS = (
					"$(inherited)",
					"@executable_path/Frameworks",
					"@loader_path/Frameworks",
				);
				PRODUCT_BUNDLE_IDENTIFIER = ai.memorize.FlickerTests;
				PRODUCT_NAME = "$(TARGET_NAME)";
				SWIFT_VERSION = 5.0;
				TARGETED_DEVICE_FAMILY = "1,2";
				TEST_HOST = "$(BUILT_PRODUCTS_DIR)/Flicker.app/Flicker";
			};
			name = Release;
		};
		4D5F1F5E22A0DB0100AC7732 /* Debug */ = {
			isa = XCBuildConfiguration;
			buildSettings = {
				ALWAYS_EMBED_SWIFT_STANDARD_LIBRARIES = YES;
				CODE_SIGN_STYLE = Automatic;
				DEVELOPMENT_TEAM = JUP7FZ7QC3;
				INFOPLIST_FILE = FlickerUITests/Info.plist;
				LD_RUNPATH_SEARCH_PATHS = (
					"$(inherited)",
					"@executable_path/Frameworks",
					"@loader_path/Frameworks",
				);
				PRODUCT_BUNDLE_IDENTIFIER = ai.memorize.FlickerUITests;
				PRODUCT_NAME = "$(TARGET_NAME)";
				SWIFT_VERSION = 5.0;
				TARGETED_DEVICE_FAMILY = "1,2";
				TEST_TARGET_NAME = Flicker;
			};
			name = Debug;
		};
		4D5F1F5F22A0DB0100AC7732 /* Release */ = {
			isa = XCBuildConfiguration;
			buildSettings = {
				ALWAYS_EMBED_SWIFT_STANDARD_LIBRARIES = YES;
				CODE_SIGN_STYLE = Automatic;
				DEVELOPMENT_TEAM = JUP7FZ7QC3;
				INFOPLIST_FILE = FlickerUITests/Info.plist;
				LD_RUNPATH_SEARCH_PATHS = (
					"$(inherited)",
					"@executable_path/Frameworks",
					"@loader_path/Frameworks",
				);
				PRODUCT_BUNDLE_IDENTIFIER = ai.memorize.FlickerUITests;
				PRODUCT_NAME = "$(TARGET_NAME)";
				SWIFT_VERSION = 5.0;
				TARGETED_DEVICE_FAMILY = "1,2";
				TEST_TARGET_NAME = Flicker;
			};
			name = Release;
		};
/* End XCBuildConfiguration section */

/* Begin XCConfigurationList section */
		4D5F1F2722A0DAFF00AC7732 /* Build configuration list for PBXProject "Flicker" */ = {
			isa = XCConfigurationList;
			buildConfigurations = (
				4D5F1F5522A0DB0100AC7732 /* Debug */,
				4D5F1F5622A0DB0100AC7732 /* Release */,
			);
			defaultConfigurationIsVisible = 0;
			defaultConfigurationName = Release;
		};
		4D5F1F5722A0DB0100AC7732 /* Build configuration list for PBXNativeTarget "Flicker" */ = {
			isa = XCConfigurationList;
			buildConfigurations = (
				4D5F1F5822A0DB0100AC7732 /* Debug */,
				4D5F1F5922A0DB0100AC7732 /* Release */,
			);
			defaultConfigurationIsVisible = 0;
			defaultConfigurationName = Release;
		};
		4D5F1F5A22A0DB0100AC7732 /* Build configuration list for PBXNativeTarget "FlickerTests" */ = {
			isa = XCConfigurationList;
			buildConfigurations = (
				4D5F1F5B22A0DB0100AC7732 /* Debug */,
				4D5F1F5C22A0DB0100AC7732 /* Release */,
			);
			defaultConfigurationIsVisible = 0;
			defaultConfigurationName = Release;
		};
		4D5F1F5D22A0DB0100AC7732 /* Build configuration list for PBXNativeTarget "FlickerUITests" */ = {
			isa = XCConfigurationList;
			buildConfigurations = (
				4D5F1F5E22A0DB0100AC7732 /* Debug */,
				4D5F1F5F22A0DB0100AC7732 /* Release */,
			);
			defaultConfigurationIsVisible = 0;
			defaultConfigurationName = Release;
		};
/* End XCConfigurationList section */

/* Begin XCVersionGroup section */
		4D5F1F3622A0DAFF00AC7732 /* Flicker.xcdatamodeld */ = {
			isa = XCVersionGroup;
			children = (
				4D5F1F3722A0DAFF00AC7732 /* Flicker.xcdatamodel */,
			);
			currentVersion = 4D5F1F3722A0DAFF00AC7732 /* Flicker.xcdatamodel */;
			path = Flicker.xcdatamodeld;
			sourceTree = "<group>";
			versionGroupType = wrapper.xcdatamodel;
		};
/* End XCVersionGroup section */
	};
	rootObject = 4D5F1F2422A0DAFF00AC7732 /* Project object */;
}
